// !$*UTF8*$!
{
	archiveVersion = 1;
	classes = {
	};
	objectVersion = 46;
	objects = {

/* Begin PBXBuildFile section */
		F4E626382032226700CA78CD /* AppDelegate.swift in Sources */ = {isa = PBXBuildFile; fileRef = F4E626372032226700CA78CD /* AppDelegate.swift */; };
		F4E6263A2032226700CA78CD /* ViewController.swift in Sources */ = {isa = PBXBuildFile; fileRef = F4E626392032226700CA78CD /* ViewController.swift */; };
		F4E6263C2032226700CA78CD /* Assets.xcassets in Resources */ = {isa = PBXBuildFile; fileRef = F4E6263B2032226700CA78CD /* Assets.xcassets */; };
		F4E6263F2032226700CA78CD /* Main.storyboard in Resources */ = {isa = PBXBuildFile; fileRef = F4E6263D2032226700CA78CD /* Main.storyboard */; };
		F4E62657203225B700CA78CD /* StellarSDK.framework in Frameworks */ = {isa = PBXBuildFile; fileRef = F4E6264F203222E100CA78CD /* StellarSDK.framework */; };
		F4E62658203225B700CA78CD /* StellarSDK.framework in Embed Frameworks */ = {isa = PBXBuildFile; fileRef = F4E6264F203222E100CA78CD /* StellarSDK.framework */; settings = {ATTRIBUTES = (CodeSignOnCopy, RemoveHeadersOnCopy, ); }; };
/* End PBXBuildFile section */

/* Begin PBXContainerItemProxy section */
		F4E6264E203222E100CA78CD /* PBXContainerItemProxy */ = {
			isa = PBXContainerItemProxy;
			containerPortal = F4E62649203222E100CA78CD /* StellarSDK.xcodeproj */;
			proxyType = 2;
			remoteGlobalIDString = F41A86722017A448008E73ED;
			remoteInfo = StellarSDK;
		};
		F4E62650203222E100CA78CD /* PBXContainerItemProxy */ = {
			isa = PBXContainerItemProxy;
			containerPortal = F4E62649203222E100CA78CD /* StellarSDK.xcodeproj */;
			proxyType = 2;
			remoteGlobalIDString = F41A867B2017A448008E73ED;
			remoteInfo = StellarSDKTests;
		};
		F4E62659203225B700CA78CD /* PBXContainerItemProxy */ = {
			isa = PBXContainerItemProxy;
			containerPortal = F4E62649203222E100CA78CD /* StellarSDK.xcodeproj */;
			proxyType = 1;
			remoteGlobalIDString = F41A86712017A448008E73ED;
			remoteInfo = StellarSDK;
		};
/* End PBXContainerItemProxy section */

/* Begin PBXCopyFilesBuildPhase section */
		F4E6265B203225B700CA78CD /* Embed Frameworks */ = {
			isa = PBXCopyFilesBuildPhase;
			buildActionMask = 2147483647;
			dstPath = "";
			dstSubfolderSpec = 10;
			files = (
				F4E62658203225B700CA78CD /* StellarSDK.framework in Embed Frameworks */,
			);
			name = "Embed Frameworks";
			runOnlyForDeploymentPostprocessing = 0;
		};
/* End PBXCopyFilesBuildPhase section */

/* Begin PBXFileReference section */
		F4E626342032226700CA78CD /* StellarAddress.app */ = {isa = PBXFileReference; explicitFileType = wrapper.application; includeInIndex = 0; path = StellarAddress.app; sourceTree = BUILT_PRODUCTS_DIR; };
		F4E626372032226700CA78CD /* AppDelegate.swift */ = {isa = PBXFileReference; lastKnownFileType = sourcecode.swift; path = AppDelegate.swift; sourceTree = "<group>"; };
		F4E626392032226700CA78CD /* ViewController.swift */ = {isa = PBXFileReference; lastKnownFileType = sourcecode.swift; path = ViewController.swift; sourceTree = "<group>"; };
		F4E6263B2032226700CA78CD /* Assets.xcassets */ = {isa = PBXFileReference; lastKnownFileType = folder.assetcatalog; path = Assets.xcassets; sourceTree = "<group>"; };
		F4E6263E2032226700CA78CD /* Base */ = {isa = PBXFileReference; lastKnownFileType = file.storyboard; name = Base; path = Base.lproj/Main.storyboard; sourceTree = "<group>"; };
		F4E626402032226700CA78CD /* Info.plist */ = {isa = PBXFileReference; lastKnownFileType = text.plist.xml; path = Info.plist; sourceTree = "<group>"; };
		F4E62649203222E100CA78CD /* StellarSDK.xcodeproj */ = {isa = PBXFileReference; lastKnownFileType = "wrapper.pb-project"; name = StellarSDK.xcodeproj; path = ../../StellarSDK/StellarSDK.xcodeproj; sourceTree = "<group>"; };
		F4E6265E2032310B00CA78CD /* Readme.md */ = {isa = PBXFileReference; lastKnownFileType = net.daringfireball.markdown; path = Readme.md; sourceTree = "<group>"; wrapsLines = 1; };
/* End PBXFileReference section */

/* Begin PBXFrameworksBuildPhase section */
		F4E626312032226700CA78CD /* Frameworks */ = {
			isa = PBXFrameworksBuildPhase;
			buildActionMask = 2147483647;
			files = (
				F4E62657203225B700CA78CD /* StellarSDK.framework in Frameworks */,
			);
			runOnlyForDeploymentPostprocessing = 0;
		};
/* End PBXFrameworksBuildPhase section */

/* Begin PBXGroup section */
		F4E6262B2032226700CA78CD = {
			isa = PBXGroup;
			children = (
				F4E6265E2032310B00CA78CD /* Readme.md */,
				F4E626362032226700CA78CD /* StellarAddress */,
				F4E62648203222C300CA78CD /* Frameworks */,
				F4E626352032226700CA78CD /* Products */,
			);
			sourceTree = "<group>";
		};
		F4E626352032226700CA78CD /* Products */ = {
			isa = PBXGroup;
			children = (
				F4E626342032226700CA78CD /* StellarAddress.app */,
			);
			name = Products;
			sourceTree = "<group>";
		};
		F4E626362032226700CA78CD /* StellarAddress */ = {
			isa = PBXGroup;
			children = (
				F4E626372032226700CA78CD /* AppDelegate.swift */,
				F4E626392032226700CA78CD /* ViewController.swift */,
				F4E6263D2032226700CA78CD /* Main.storyboard */,
				F4E6263B2032226700CA78CD /* Assets.xcassets */,
				F4E626402032226700CA78CD /* Info.plist */,
			);
			path = StellarAddress;
			sourceTree = "<group>";
		};
		F4E62648203222C300CA78CD /* Frameworks */ = {
			isa = PBXGroup;
			children = (
				F4E62649203222E100CA78CD /* StellarSDK.xcodeproj */,
			);
			name = Frameworks;
			path = StellarAddress;
			sourceTree = "<group>";
		};
		F4E6264A203222E100CA78CD /* Products */ = {
			isa = PBXGroup;
			children = (
				F4E6264F203222E100CA78CD /* StellarSDK.framework */,
				F4E62651203222E100CA78CD /* StellarSDKTests.xctest */,
			);
			name = Products;
			sourceTree = "<group>";
		};
/* End PBXGroup section */

/* Begin PBXNativeTarget section */
		F4E626332032226700CA78CD /* StellarAddress */ = {
			isa = PBXNativeTarget;
			buildConfigurationList = F4E626432032226700CA78CD /* Build configuration list for PBXNativeTarget "StellarAddress" */;
			buildPhases = (
				F4E626302032226700CA78CD /* Sources */,
				F4E626312032226700CA78CD /* Frameworks */,
				F4E626322032226700CA78CD /* Resources */,
				F4E6265B203225B700CA78CD /* Embed Frameworks */,
			);
			buildRules = (
			);
			dependencies = (
				F4E6265A203225B700CA78CD /* PBXTargetDependency */,
			);
			name = StellarAddress;
			productName = StellarAddress;
			productReference = F4E626342032226700CA78CD /* StellarAddress.app */;
			productType = "com.apple.product-type.application";
		};
/* End PBXNativeTarget section */

/* Begin PBXProject section */
		F4E6262C2032226700CA78CD /* Project object */ = {
			isa = PBXProject;
			attributes = {
				LastSwiftUpdateCheck = 0830;
				LastUpgradeCheck = 0830;
				ORGANIZATIONNAME = Armonia;
				TargetAttributes = {
					F4E626332032226700CA78CD = {
						CreatedOnToolsVersion = 8.3.2;
						DevelopmentTeam = W7PMV9XFGM;
						ProvisioningStyle = Automatic;
					};
				};
			};
			buildConfigurationList = F4E6262F2032226700CA78CD /* Build configuration list for PBXProject "StellarAddress" */;
			compatibilityVersion = "Xcode 3.2";
			developmentRegion = English;
			hasScannedForEncodings = 0;
			knownRegions = (
				en,
				Base,
			);
			mainGroup = F4E6262B2032226700CA78CD;
			productRefGroup = F4E626352032226700CA78CD /* Products */;
			projectDirPath = "";
			projectReferences = (
				{
					ProductGroup = F4E6264A203222E100CA78CD /* Products */;
					ProjectRef = F4E62649203222E100CA78CD /* StellarSDK.xcodeproj */;
				},
			);
			projectRoot = "";
			targets = (
				F4E626332032226700CA78CD /* StellarAddress */,
			);
		};
/* End PBXProject section */

/* Begin PBXReferenceProxy section */
		F4E6264F203222E100CA78CD /* StellarSDK.framework */ = {
			isa = PBXReferenceProxy;
			fileType = wrapper.framework;
			path = StellarSDK.framework;
			remoteRef = F4E6264E203222E100CA78CD /* PBXContainerItemProxy */;
			sourceTree = BUILT_PRODUCTS_DIR;
		};
		F4E62651203222E100CA78CD /* StellarSDKTests.xctest */ = {
			isa = PBXReferenceProxy;
			fileType = wrapper.cfbundle;
			path = StellarSDKTests.xctest;
			remoteRef = F4E62650203222E100CA78CD /* PBXContainerItemProxy */;
			sourceTree = BUILT_PRODUCTS_DIR;
		};
/* End PBXReferenceProxy section */

/* Begin PBXResourcesBuildPhase section */
		F4E626322032226700CA78CD /* Resources */ = {
			isa = PBXResourcesBuildPhase;
			buildActionMask = 2147483647;
			files = (
				F4E6263C2032226700CA78CD /* Assets.xcassets in Resources */,
				F4E6263F2032226700CA78CD /* Main.storyboard in Resources */,
			);
			runOnlyForDeploymentPostprocessing = 0;
		};
/* End PBXResourcesBuildPhase section */

/* Begin PBXSourcesBuildPhase section */
		F4E626302032226700CA78CD /* Sources */ = {
			isa = PBXSourcesBuildPhase;
			buildActionMask = 2147483647;
			files = (
				F4E6263A2032226700CA78CD /* ViewController.swift in Sources */,
				F4E626382032226700CA78CD /* AppDelegate.swift in Sources */,
			);
			runOnlyForDeploymentPostprocessing = 0;
		};
/* End PBXSourcesBuildPhase section */

/* Begin PBXTargetDependency section */
		F4E6265A203225B700CA78CD /* PBXTargetDependency */ = {
			isa = PBXTargetDependency;
			name = StellarSDK;
			targetProxy = F4E62659203225B700CA78CD /* PBXContainerItemProxy */;
		};
/* End PBXTargetDependency section */

/* Begin PBXVariantGroup section */
		F4E6263D2032226700CA78CD /* Main.storyboard */ = {
			isa = PBXVariantGroup;
			children = (
				F4E6263E2032226700CA78CD /* Base */,
			);
			name = Main.storyboard;
			sourceTree = "<group>";
		};
/* End PBXVariantGroup section */

/* Begin XCBuildConfiguration section */
		F4E626412032226700CA78CD /* Debug */ = {
			isa = XCBuildConfiguration;
			buildSettings = {
				ALWAYS_SEARCH_USER_PATHS = NO;
				CLANG_ANALYZER_NONNULL = YES;
				CLANG_ANALYZER_NUMBER_OBJECT_CONVERSION = YES_AGGRESSIVE;
				CLANG_CXX_LANGUAGE_STANDARD = "gnu++0x";
				CLANG_CXX_LIBRARY = "libc++";
				CLANG_ENABLE_MODULES = YES;
				CLANG_ENABLE_OBJC_ARC = YES;
				CLANG_WARN_BOOL_CONVERSION = YES;
				CLANG_WARN_CONSTANT_CONVERSION = YES;
				CLANG_WARN_DIRECT_OBJC_ISA_USAGE = YES_ERROR;
				CLANG_WARN_DOCUMENTATION_COMMENTS = YES;
				CLANG_WARN_EMPTY_BODY = YES;
				CLANG_WARN_ENUM_CONVERSION = YES;
				CLANG_WARN_INFINITE_RECURSION = YES;
				CLANG_WARN_INT_CONVERSION = YES;
				CLANG_WARN_OBJC_ROOT_CLASS = YES_ERROR;
				CLANG_WARN_SUSPICIOUS_MOVE = YES;
				CLANG_WARN_UNREACHABLE_CODE = YES;
				CLANG_WARN__DUPLICATE_METHOD_MATCH = YES;
				CODE_SIGN_IDENTITY = "-";
				COPY_PHASE_STRIP = NO;
				DEBUG_INFORMATION_FORMAT = dwarf;
				ENABLE_STRICT_OBJC_MSGSEND = YES;
				ENABLE_TESTABILITY = YES;
				GCC_C_LANGUAGE_STANDARD = gnu99;
				GCC_DYNAMIC_NO_PIC = NO;
				GCC_NO_COMMON_BLOCKS = YES;
				GCC_OPTIMIZATION_LEVEL = 0;
				GCC_PREPROCESSOR_DEFINITIONS = (
					"DEBUG=1",
					"$(inherited)",
				);
				GCC_WARN_64_TO_32_BIT_CONVERSION = YES;
				GCC_WARN_ABOUT_RETURN_TYPE = YES_ERROR;
				GCC_WARN_UNDECLARED_SELECTOR = YES;
				GCC_WARN_UNINITIALIZED_AUTOS = YES_AGGRESSIVE;
				GCC_WARN_UNUSED_FUNCTION = YES;
				GCC_WARN_UNUSED_VARIABLE = YES;
				MACOSX_DEPLOYMENT_TARGET = 10.12;
				MTL_ENABLE_DEBUG_INFO = YES;
				ONLY_ACTIVE_ARCH = YES;
				SDKROOT = macosx;
				SWIFT_ACTIVE_COMPILATION_CONDITIONS = DEBUG;
				SWIFT_OPTIMIZATION_LEVEL = "-Onone";
			};
			name = Debug;
		};
		F4E626422032226700CA78CD /* Release */ = {
			isa = XCBuildConfiguration;
			buildSettings = {
				ALWAYS_SEARCH_USER_PATHS = NO;
				CLANG_ANALYZER_NONNULL = YES;
				CLANG_ANALYZER_NUMBER_OBJECT_CONVERSION = YES_AGGRESSIVE;
				CLANG_CXX_LANGUAGE_STANDARD = "gnu++0x";
				CLANG_CXX_LIBRARY = "libc++";
				CLANG_ENABLE_MODULES = YES;
				CLANG_ENABLE_OBJC_ARC = YES;
				CLANG_WARN_BOOL_CONVERSION = YES;
				CLANG_WARN_CONSTANT_CONVERSION = YES;
				CLANG_WARN_DIRECT_OBJC_ISA_USAGE = YES_ERROR;
				CLANG_WARN_DOCUMENTATION_COMMENTS = YES;
				CLANG_WARN_EMPTY_BODY = YES;
				CLANG_WARN_ENUM_CONVERSION = YES;
				CLANG_WARN_INFINITE_RECURSION = YES;
				CLANG_WARN_INT_CONVERSION = YES;
				CLANG_WARN_OBJC_ROOT_CLASS = YES_ERROR;
				CLANG_WARN_SUSPICIOUS_MOVE = YES;
				CLANG_WARN_UNREACHABLE_CODE = YES;
				CLANG_WARN__DUPLICATE_METHOD_MATCH = YES;
				CODE_SIGN_IDENTITY = "-";
				COPY_PHASE_STRIP = NO;
				DEBUG_INFORMATION_FORMAT = "dwarf-with-dsym";
				ENABLE_NS_ASSERTIONS = NO;
				ENABLE_STRICT_OBJC_MSGSEND = YES;
				GCC_C_LANGUAGE_STANDARD = gnu99;
				GCC_NO_COMMON_BLOCKS = YES;
				GCC_WARN_64_TO_32_BIT_CONVERSION = YES;
				GCC_WARN_ABOUT_RETURN_TYPE = YES_ERROR;
				GCC_WARN_UNDECLARED_SELECTOR = YES;
				GCC_WARN_UNINITIALIZED_AUTOS = YES_AGGRESSIVE;
				GCC_WARN_UNUSED_FUNCTION = YES;
				GCC_WARN_UNUSED_VARIABLE = YES;
				MACOSX_DEPLOYMENT_TARGET = 10.12;
				MTL_ENABLE_DEBUG_INFO = NO;
				SDKROOT = macosx;
				SWIFT_OPTIMIZATION_LEVEL = "-Owholemodule";
			};
			name = Release;
		};
		F4E626442032226700CA78CD /* Debug */ = {
			isa = XCBuildConfiguration;
			buildSettings = {
				ALWAYS_EMBED_SWIFT_STANDARD_LIBRARIES = YES;
				ASSETCATALOG_COMPILER_APPICON_NAME = AppIcon;
				COMBINE_HIDPI_IMAGES = YES;
				DEVELOPMENT_TEAM = W7PMV9XFGM;
				INFOPLIST_FILE = StellarAddress/Info.plist;
				LD_RUNPATH_SEARCH_PATHS = "$(inherited) @executable_path/../Frameworks";
				PRODUCT_BUNDLE_IDENTIFIER = Armonia.StellarAddress;
				PRODUCT_NAME = "$(TARGET_NAME)";
				SWIFT_VERSION = 3.0;
			};
			name = Debug;
		};
		F4E626452032226700CA78CD /* Release */ = {
			isa = XCBuildConfiguration;
			buildSettings = {
				ALWAYS_EMBED_SWIFT_STANDARD_LIBRARIES = YES;
				ASSETCATALOG_COMPILER_APPICON_NAME = AppIcon;
				COMBINE_HIDPI_IMAGES = YES;
				DEVELOPMENT_TEAM = W7PMV9XFGM;
				INFOPLIST_FILE = StellarAddress/Info.plist;
				LD_RUNPATH_SEARCH_PATHS = "$(inherited) @executable_path/../Frameworks";
				PRODUCT_BUNDLE_IDENTIFIER = Armonia.StellarAddress;
				PRODUCT_NAME = "$(TARGET_NAME)";
				SWIFT_VERSION = 3.0;
			};
			name = Release;
		};
/* End XCBuildConfiguration section */

/* Begin XCConfigurationList section */
		F4E6262F2032226700CA78CD /* Build configuration list for PBXProject "StellarAddress" */ = {
			isa = XCConfigurationList;
			buildConfigurations = (
				F4E626412032226700CA78CD /* Debug */,
				F4E626422032226700CA78CD /* Release */,
			);
			defaultConfigurationIsVisible = 0;
			defaultConfigurationName = Release;
		};
		F4E626432032226700CA78CD /* Build configuration list for PBXNativeTarget "StellarAddress" */ = {
			isa = XCConfigurationList;
			buildConfigurations = (
				F4E626442032226700CA78CD /* Debug */,
				F4E626452032226700CA78CD /* Release */,
			);
			defaultConfigurationIsVisible = 0;
			defaultConfigurationName = Release;
		};
/* End XCConfigurationList section */
	};
	rootObject = F4E6262C2032226700CA78CD /* Project object */;
}
